
Microsoft Visual Studio Solution File, Format Version 12.00
# Visual Studio Version 17
VisualStudioVersion = 17.14.36401.2
MinimumVisualStudioVersion = 10.0.40219.1
Project("{FAE04EC0-301F-11D3-BF4B-00C04F79EFBC}") = "Taller.Shared", "Taller1.Shared\Taller.Shared.csproj", "{A2FF0265-312E-4469-B1AA-53F953B99881}"
EndProject
Project("{FAE04EC0-301F-11D3-BF4B-00C04F79EFBC}") = "Taller.Backend", "Taller1.Backend\Taller.Backend.csproj", "{0CED7775-A9C9-4A46-BE45-5A9725874920}"
EndProject
Project("{FAE04EC0-301F-11D3-BF4B-00C04F79EFBC}") = "Taller.Frontend", "Taller.Frontend\Taller.Frontend.csproj", "{51A31673-CF76-DF5F-92A9-FBEEE6D61CD0}"
EndProject
Global
	GlobalSection(SolutionConfigurationPlatforms) = preSolution
		Debug|Any CPU = Debug|Any CPU
		Release|Any CPU = Release|Any CPU
	EndGlobalSection
	GlobalSection(ProjectConfigurationPlatforms) = postSolution
		{A2FF0265-312E-4469-B1AA-53F953B99881}.Debug|Any CPU.ActiveCfg = Debug|Any CPU
		{A2FF0265-312E-4469-B1AA-53F953B99881}.Debug|Any CPU.Build.0 = Debug|Any CPU
		{A2FF0265-312E-4469-B1AA-53F953B99881}.Release|Any CPU.ActiveCfg = Release|Any CPU
		{A2FF0265-312E-4469-B1AA-53F953B99881}.Release|Any CPU.Build.0 = Release|Any CPU
		{0CED7775-A9C9-4A46-BE45-5A9725874920}.Debug|Any CPU.ActiveCfg = Debug|Any CPU
		{0CED7775-A9C9-4A46-BE45-5A9725874920}.Debug|Any CPU.Build.0 = Debug|Any CPU
		{0CED7775-A9C9-4A46-BE45-5A9725874920}.Release|Any CPU.ActiveCfg = Release|Any CPU
		{0CED7775-A9C9-4A46-BE45-5A9725874920}.Release|Any CPU.Build.0 = Release|Any CPU
		{51A31673-CF76-DF5F-92A9-FBEEE6D61CD0}.Debug|Any CPU.ActiveCfg = Debug|Any CPU
		{51A31673-CF76-DF5F-92A9-FBEEE6D61CD0}.Debug|Any CPU.Build.0 = Debug|Any CPU
		{51A31673-CF76-DF5F-92A9-FBEEE6D61CD0}.Release|Any CPU.ActiveCfg = Release|Any CPU
		{51A31673-CF76-DF5F-92A9-FBEEE6D61CD0}.Release|Any CPU.Build.0 = Release|Any CPU
	EndGlobalSection
	GlobalSection(SolutionProperties) = preSolution
		HideSolutionNode = FALSE
	EndGlobalSection
	GlobalSection(ExtensibilityGlobals) = postSolution
		SolutionGuid = {5BDDEB26-FB5D-461F-89DE-0F065A675CBD}
	EndGlobalSection
EndGlobal
